
Microsoft Visual Studio Solution File, Format Version 12.00
# Visual Studio 15
VisualStudioVersion = 15.0.27130.2027
MinimumVisualStudioVersion = 10.0.40219.1
Project("{FAE04EC0-301F-11D3-BF4B-00C04F79EFBC}") = "Exercício12", "Exercício12\Exercício12.csproj", "{581FCF0E-92E7-4EBA-8735-58F03AF3EAFD}"
EndProject
Global
	GlobalSection(SolutionConfigurationPlatforms) = preSolution
		Debug|Any CPU = Debug|Any CPU
		Release|Any CPU = Release|Any CPU
	EndGlobalSection
	GlobalSection(ProjectConfigurationPlatforms) = postSolution
		{581FCF0E-92E7-4EBA-8735-58F03AF3EAFD}.Debug|Any CPU.ActiveCfg = Debug|Any CPU
		{581FCF0E-92E7-4EBA-8735-58F03AF3EAFD}.Debug|Any CPU.Build.0 = Debug|Any CPU
		{581FCF0E-92E7-4EBA-8735-58F03AF3EAFD}.Release|Any CPU.ActiveCfg = Release|Any CPU
		{581FCF0E-92E7-4EBA-8735-58F03AF3EAFD}.Release|Any CPU.Build.0 = Release|Any CPU
	EndGlobalSection
	GlobalSection(SolutionProperties) = preSolution
		HideSolutionNode = FALSE
	EndGlobalSection
	GlobalSection(ExtensibilityGlobals) = postSolution
		SolutionGuid = {F98763D9-2BF2-4F4C-9F84-9EACB3DE0FFB}
	EndGlobalSection
EndGlobal
