
Microsoft Visual Studio Solution File, Format Version 12.00
# Visual Studio 15
VisualStudioVersion = 15.0.27130.2027
MinimumVisualStudioVersion = 10.0.40219.1
Project("{FAE04EC0-301F-11D3-BF4B-00C04F79EFBC}") = "Exercício1", "Exercício1\Exercício1.csproj", "{F04CEC2B-05D6-4EAE-8F7F-38542C98B3A4}"
EndProject
Global
	GlobalSection(SolutionConfigurationPlatforms) = preSolution
		Debug|Any CPU = Debug|Any CPU
		Release|Any CPU = Release|Any CPU
	EndGlobalSection
	GlobalSection(ProjectConfigurationPlatforms) = postSolution
		{F04CEC2B-05D6-4EAE-8F7F-38542C98B3A4}.Debug|Any CPU.ActiveCfg = Debug|Any CPU
		{F04CEC2B-05D6-4EAE-8F7F-38542C98B3A4}.Debug|Any CPU.Build.0 = Debug|Any CPU
		{F04CEC2B-05D6-4EAE-8F7F-38542C98B3A4}.Release|Any CPU.ActiveCfg = Release|Any CPU
		{F04CEC2B-05D6-4EAE-8F7F-38542C98B3A4}.Release|Any CPU.Build.0 = Release|Any CPU
	EndGlobalSection
	GlobalSection(SolutionProperties) = preSolution
		HideSolutionNode = FALSE
	EndGlobalSection
	GlobalSection(ExtensibilityGlobals) = postSolution
		SolutionGuid = {2F660D0B-3D38-4918-926F-13EA7DB92BB6}
	EndGlobalSection
EndGlobal
