
Microsoft Visual Studio Solution File, Format Version 12.00
# Visual Studio 15
VisualStudioVersion = 15.0.27130.2027
MinimumVisualStudioVersion = 10.0.40219.1
Project("{FAE04EC0-301F-11D3-BF4B-00C04F79EFBC}") = "Exercício4", "Exercício4\Exercício4.csproj", "{F88EDA8A-9A74-4DCE-B4DB-A04DC7F04853}"
EndProject
Global
	GlobalSection(SolutionConfigurationPlatforms) = preSolution
		Debug|Any CPU = Debug|Any CPU
		Release|Any CPU = Release|Any CPU
	EndGlobalSection
	GlobalSection(ProjectConfigurationPlatforms) = postSolution
		{F88EDA8A-9A74-4DCE-B4DB-A04DC7F04853}.Debug|Any CPU.ActiveCfg = Debug|Any CPU
		{F88EDA8A-9A74-4DCE-B4DB-A04DC7F04853}.Debug|Any CPU.Build.0 = Debug|Any CPU
		{F88EDA8A-9A74-4DCE-B4DB-A04DC7F04853}.Release|Any CPU.ActiveCfg = Release|Any CPU
		{F88EDA8A-9A74-4DCE-B4DB-A04DC7F04853}.Release|Any CPU.Build.0 = Release|Any CPU
	EndGlobalSection
	GlobalSection(SolutionProperties) = preSolution
		HideSolutionNode = FALSE
	EndGlobalSection
	GlobalSection(ExtensibilityGlobals) = postSolution
		SolutionGuid = {B588A1E1-484B-43E7-85A4-AE59424378DA}
	EndGlobalSection
EndGlobal
